
Microsoft Visual Studio Solution File, Format Version 12.00
# Visual Studio 2013
VisualStudioVersion = 12.0.30723.0
MinimumVisualStudioVersion = 10.0.40219.1
Project("{FAE04EC0-301F-11D3-BF4B-00C04F79EFBC}") = "ControlPacientesWeb", "ControlPacientesWeb\ControlPacientesWeb.csproj", "{FE16BA35-CD31-4222-B667-6F69AA828C76}"
EndProject
Project("{FAE04EC0-301F-11D3-BF4B-00C04F79EFBC}") = "BLL", "BLL\BLL.csproj", "{0F1FAC1E-E266-42E8-A737-94B646E4CA90}"
EndProject
Project("{FAE04EC0-301F-11D3-BF4B-00C04F79EFBC}") = "DAL", "DAL\DAL.csproj", "{F584A6B9-2CDE-4097-A42B-553230A500A1}"
EndProject
Global
	GlobalSection(SolutionConfigurationPlatforms) = preSolution
		Debug|Any CPU = Debug|Any CPU
		Release|Any CPU = Release|Any CPU
	EndGlobalSection
	GlobalSection(ProjectConfigurationPlatforms) = postSolution
		{FE16BA35-CD31-4222-B667-6F69AA828C76}.Debug|Any CPU.ActiveCfg = Debug|Any CPU
		{FE16BA35-CD31-4222-B667-6F69AA828C76}.Debug|Any CPU.Build.0 = Debug|Any CPU
		{FE16BA35-CD31-4222-B667-6F69AA828C76}.Release|Any CPU.ActiveCfg = Release|Any CPU
		{FE16BA35-CD31-4222-B667-6F69AA828C76}.Release|Any CPU.Build.0 = Release|Any CPU
		{0F1FAC1E-E266-42E8-A737-94B646E4CA90}.Debug|Any CPU.ActiveCfg = Debug|Any CPU
		{0F1FAC1E-E266-42E8-A737-94B646E4CA90}.Debug|Any CPU.Build.0 = Debug|Any CPU
		{0F1FAC1E-E266-42E8-A737-94B646E4CA90}.Release|Any CPU.ActiveCfg = Release|Any CPU
		{0F1FAC1E-E266-42E8-A737-94B646E4CA90}.Release|Any CPU.Build.0 = Release|Any CPU
		{F584A6B9-2CDE-4097-A42B-553230A500A1}.Debug|Any CPU.ActiveCfg = Debug|Any CPU
		{F584A6B9-2CDE-4097-A42B-553230A500A1}.Debug|Any CPU.Build.0 = Debug|Any CPU
		{F584A6B9-2CDE-4097-A42B-553230A500A1}.Release|Any CPU.ActiveCfg = Release|Any CPU
		{F584A6B9-2CDE-4097-A42B-553230A500A1}.Release|Any CPU.Build.0 = Release|Any CPU
	EndGlobalSection
	GlobalSection(SolutionProperties) = preSolution
		HideSolutionNode = FALSE
	EndGlobalSection
EndGlobal
